Microsoft Visual Studio Solution File, Format Version 12.00
# Visual Studio Version 17
VisualStudioVersion = 17.5.2.0
MinimumVisualStudioVersion = 10.0.40219.1
Project("{FAE04EC0-301F-11D3-BF4B-00C04F79EFBC}") = "RecicladorBlazor", "RecicladorBlazor.csproj", "{8622240E-B2FC-DB78-F437-E7BF913A9C09}"
EndProject
Global
	GlobalSection(SolutionConfigurationPlatforms) = preSolution
		Debug|Any CPU = Debug|Any CPU
		Release|Any CPU = Release|Any CPU
	EndGlobalSection
	GlobalSection(ProjectConfigurationPlatforms) = postSolution
		{8622240E-B2FC-DB78-F437-E7BF913A9C09}.Debug|Any CPU.ActiveCfg = Debug|Any CPU
		{8622240E-B2FC-DB78-F437-E7BF913A9C09}.Debug|Any CPU.Build.0 = Debug|Any CPU
		{8622240E-B2FC-DB78-F437-E7BF913A9C09}.Release|Any CPU.ActiveCfg = Release|Any CPU
		{8622240E-B2FC-DB78-F437-E7BF913A9C09}.Release|Any CPU.Build.0 = Release|Any CPU
	EndGlobalSection
	GlobalSection(SolutionProperties) = preSolution
		HideSolutionNode = FALSE
	EndGlobalSection
	GlobalSection(ExtensibilityGlobals) = postSolution
		SolutionGuid = {F9E43391-DCC4-42B7-9114-A818E181360D}
	EndGlobalSection
EndGlobal
